// !$*UTF8*$!
{
	archiveVersion = 1;
	classes = {
	};
	objectVersion = 50;
	objects = {

/* Begin PBXBuildFile section */
		691863B4250F977B00A2C28A /* AppDelegate.swift in Sources */ = {isa = PBXBuildFile; fileRef = 691863B3250F977B00A2C28A /* AppDelegate.swift */; };
		691863B6250F977B00A2C28A /* SceneDelegate.swift in Sources */ = {isa = PBXBuildFile; fileRef = 691863B5250F977B00A2C28A /* SceneDelegate.swift */; };
		691863B8250F977B00A2C28A /* ContentView.swift in Sources */ = {isa = PBXBuildFile; fileRef = 691863B7250F977B00A2C28A /* ContentView.swift */; };
		691863BA250F977C00A2C28A /* Assets.xcassets in Resources */ = {isa = PBXBuildFile; fileRef = 691863B9250F977C00A2C28A /* Assets.xcassets */; };
		691863BD250F977C00A2C28A /* Preview Assets.xcassets in Resources */ = {isa = PBXBuildFile; fileRef = 691863BC250F977C00A2C28A /* Preview Assets.xcassets */; };
		691863C0250F977C00A2C28A /* LaunchScreen.storyboard in Resources */ = {isa = PBXBuildFile; fileRef = 691863BE250F977C00A2C28A /* LaunchScreen.storyboard */; };
		699878CA2524BC8E0061F8B4 /* MenuView.swift in Sources */ = {isa = PBXBuildFile; fileRef = 699878C92524BC8E0061F8B4 /* MenuView.swift */; };
		69AC4B11252779D800B7CE92 /* HomeView.swift in Sources */ = {isa = PBXBuildFile; fileRef = 69AC4B10252779D800B7CE92 /* HomeView.swift */; };
/* End PBXBuildFile section */

/* Begin PBXFileReference section */
		691863B0250F977B00A2C28A /* SwiftUI-Tuts.app */ = {isa = PBXFileReference; explicitFileType = wrapper.application; includeInIndex = 0; path = "SwiftUI-Tuts.app"; sourceTree = BUILT_PRODUCTS_DIR; };
		691863B3250F977B00A2C28A /* AppDelegate.swift */ = {isa = PBXFileReference; lastKnownFileType = sourcecode.swift; path = AppDelegate.swift; sourceTree = "<group>"; };
		691863B5250F977B00A2C28A /* SceneDelegate.swift */ = {isa = PBXFileReference; lastKnownFileType = sourcecode.swift; path = SceneDelegate.swift; sourceTree = "<group>"; };
		691863B7250F977B00A2C28A /* ContentView.swift */ = {isa = PBXFileReference; lastKnownFileType = sourcecode.swift; path = ContentView.swift; sourceTree = "<group>"; };
		691863B9250F977C00A2C28A /* Assets.xcassets */ = {isa = PBXFileReference; lastKnownFileType = folder.assetcatalog; path = Assets.xcassets; sourceTree = "<group>"; };
		691863BC250F977C00A2C28A /* Preview Assets.xcassets */ = {isa = PBXFileReference; lastKnownFileType = folder.assetcatalog; path = "Preview Assets.xcassets"; sourceTree = "<group>"; };
		691863BF250F977C00A2C28A /* Base */ = {isa = PBXFileReference; lastKnownFileType = file.storyboard; name = Base; path = Base.lproj/LaunchScreen.storyboard; sourceTree = "<group>"; };
		691863C1250F977C00A2C28A /* Info.plist */ = {isa = PBXFileReference; lastKnownFileType = text.plist.xml; path = Info.plist; sourceTree = "<group>"; };
		699878C92524BC8E0061F8B4 /* MenuView.swift */ = {isa = PBXFileReference; lastKnownFileType = sourcecode.swift; path = MenuView.swift; sourceTree = "<group>"; };
		69AC4B10252779D800B7CE92 /* HomeView.swift */ = {isa = PBXFileReference; lastKnownFileType = sourcecode.swift; path = HomeView.swift; sourceTree = "<group>"; };
/* End PBXFileReference section */

/* Begin PBXFrameworksBuildPhase section */
		691863AD250F977B00A2C28A /* Frameworks */ = {
			isa = PBXFrameworksBuildPhase;
			buildActionMask = 2147483647;
			files = (
			);
			runOnlyForDeploymentPostprocessing = 0;
		};
/* End PBXFrameworksBuildPhase section */

/* Begin PBXGroup section */
		691863A7250F977B00A2C28A = {
			isa = PBXGroup;
			children = (
				691863B2250F977B00A2C28A /* SwiftUI-Tuts */,
				691863B1250F977B00A2C28A /* Products */,
			);
			sourceTree = "<group>";
		};
		691863B1250F977B00A2C28A /* Products */ = {
			isa = PBXGroup;
			children = (
				691863B0250F977B00A2C28A /* SwiftUI-Tuts.app */,
			);
			name = Products;
			sourceTree = "<group>";
		};
		691863B2250F977B00A2C28A /* SwiftUI-Tuts */ = {
			isa = PBXGroup;
			children = (
				691863B3250F977B00A2C28A /* AppDelegate.swift */,
				691863B5250F977B00A2C28A /* SceneDelegate.swift */,
				691863B7250F977B00A2C28A /* ContentView.swift */,
				69AC4B10252779D800B7CE92 /* HomeView.swift */,
				699878C92524BC8E0061F8B4 /* MenuView.swift */,
				691863B9250F977C00A2C28A /* Assets.xcassets */,
				691863BE250F977C00A2C28A /* LaunchScreen.storyboard */,
				691863C1250F977C00A2C28A /* Info.plist */,
				691863BB250F977C00A2C28A /* Preview Content */,
			);
			path = "SwiftUI-Tuts";
			sourceTree = "<group>";
		};
		691863BB250F977C00A2C28A /* Preview Content */ = {
			isa = PBXGroup;
			children = (
				691863BC250F977C00A2C28A /* Preview Assets.xcassets */,
			);
			path = "Preview Content";
			sourceTree = "<group>";
		};
/* End PBXGroup section */

/* Begin PBXNativeTarget section */
		691863AF250F977B00A2C28A /* SwiftUI-Tuts */ = {
			isa = PBXNativeTarget;
			buildConfigurationList = 691863C4250F977C00A2C28A /* Build configuration list for PBXNativeTarget "SwiftUI-Tuts" */;
			buildPhases = (
				691863AC250F977B00A2C28A /* Sources */,
				691863AD250F977B00A2C28A /* Frameworks */,
				691863AE250F977B00A2C28A /* Resources */,
			);
			buildRules = (
			);
			dependencies = (
			);
			name = "SwiftUI-Tuts";
			productName = "SwiftUI-Tuts";
			productReference = 691863B0250F977B00A2C28A /* SwiftUI-Tuts.app */;
			productType = "com.apple.product-type.application";
		};
/* End PBXNativeTarget section */

/* Begin PBXProject section */
		691863A8250F977B00A2C28A /* Project object */ = {
			isa = PBXProject;
			attributes = {
				LastSwiftUpdateCheck = 1170;
				LastUpgradeCheck = 1200;
				ORGANIZATIONNAME = JLCS;
				TargetAttributes = {
					691863AF250F977B00A2C28A = {
						CreatedOnToolsVersion = 11.7;
					};
				};
			};
			buildConfigurationList = 691863AB250F977B00A2C28A /* Build configuration list for PBXProject "SwiftUI-Tuts" */;
			compatibilityVersion = "Xcode 9.3";
			developmentRegion = en;
			hasScannedForEncodings = 0;
			knownRegions = (
				en,
				Base,
			);
			mainGroup = 691863A7250F977B00A2C28A;
			productRefGroup = 691863B1250F977B00A2C28A /* Products */;
			projectDirPath = "";
			projectRoot = "";
			targets = (
				691863AF250F977B00A2C28A /* SwiftUI-Tuts */,
			);
		};
/* End PBXProject section */

/* Begin PBXResourcesBuildPhase section */
		691863AE250F977B00A2C28A /* Resources */ = {
			isa = PBXResourcesBuildPhase;
			buildActionMask = 2147483647;
			files = (
				691863C0250F977C00A2C28A /* LaunchScreen.storyboard in Resources */,
				691863BD250F977C00A2C28A /* Preview Assets.xcassets in Resources */,
				691863BA250F977C00A2C28A /* Assets.xcassets in Resources */,
			);
			runOnlyForDeploymentPostprocessing = 0;
		};
/* End PBXResourcesBuildPhase section */

/* Begin PBXSourcesBuildPhase section */
		691863AC250F977B00A2C28A /* Sources */ = {
			isa = PBXSourcesBuildPhase;
			buildActionMask = 2147483647;
			files = (
				691863B4250F977B00A2C28A /* AppDelegate.swift in Sources */,
				699878CA2524BC8E0061F8B4 /* MenuView.swift in Sources */,
				691863B6250F977B00A2C28A /* SceneDelegate.swift in Sources */,
				69AC4B11252779D800B7CE92 /* HomeView.swift in Sources */,
				691863B8250F977B00A2C28A /* ContentView.swift in Sources */,
			);
			runOnlyForDeploymentPostprocessing = 0;
		};
/* End PBXSourcesBuildPhase section */

/* Begin PBXVariantGroup section */
		691863BE250F977C00A2C28A /* LaunchScreen.storyboard */ = {
			isa = PBXVariantGroup;
			children = (
				691863BF250F977C00A2C28A /* Base */,
			);
			name = LaunchScreen.storyboard;
			sourceTree = "<group>";
		};
/* End PBXVariantGroup section */

/* Begin XCBuildConfiguration section */
		691863C2250F977C00A2C28A /* Debug */ = {
			isa = XCBuildConfiguration;
			buildSettings = {
				ALWAYS_SEARCH_USER_PATHS = NO;
				CLANG_ANALYZER_NONNULL = YES;
				CLANG_ANALYZER_NUMBER_OBJECT_CONVERSION = YES_AGGRESSIVE;
				CLANG_CXX_LANGUAGE_STANDARD = "gnu++14";
				CLANG_CXX_LIBRARY = "libc++";
				CLANG_ENABLE_MODULES = YES;
				CLANG_ENABLE_OBJC_ARC = YES;
				CLANG_ENABLE_OBJC_WEAK = YES;
				CLANG_WARN_BLOCK_CAPTURE_AUTORELEASING = YES;
				CLANG_WARN_BOOL_CONVERSION = YES;
				CLANG_WARN_COMMA = YES;
				CLANG_WARN_CONSTANT_CONVERSION = YES;
				CLANG_WARN_DEPRECATED_OBJC_IMPLEMENTATIONS = YES;
				CLANG_WARN_DIRECT_OBJC_ISA_USAGE = YES_ERROR;
				CLANG_WARN_DOCUMENTATION_COMMENTS = YES;
				CLANG_WARN_EMPTY_BODY = YES;
				CLANG_WARN_ENUM_CONVERSION = YES;
				CLANG_WARN_INFINITE_RECURSION = YES;
				CLANG_WARN_INT_CONVERSION = YES;
				CLANG_WARN_NON_LITERAL_NULL_CONVERSION = YES;
				CLANG_WARN_OBJC_IMPLICIT_RETAIN_SELF = YES;
				CLANG_WARN_OBJC_LITERAL_CONVERSION = YES;
				CLANG_WARN_OBJC_ROOT_CLASS = YES_ERROR;
				CLANG_WARN_QUOTED_INCLUDE_IN_FRAMEWORK_HEADER = YES;
				CLANG_WARN_RANGE_LOOP_ANALYSIS = YES;
				CLANG_WARN_STRICT_PROTOTYPES = YES;
				CLANG_WARN_SUSPICIOUS_MOVE = YES;
				CLANG_WARN_UNGUARDED_AVAILABILITY = YES_AGGRESSIVE;
				CLANG_WARN_UNREACHABLE_CODE = YES;
				CLANG_WARN__DUPLICATE_METHOD_MATCH = YES;
				COPY_PHASE_STRIP = NO;
				DEBUG_INFORMATION_FORMAT = dwarf;
				ENABLE_STRICT_OBJC_MSGSEND = YES;
				ENABLE_TESTABILITY = YES;
				GCC_C_LANGUAGE_STANDARD = gnu11;
				GCC_DYNAMIC_NO_PIC = NO;
				GCC_NO_COMMON_BLOCKS = YES;
				GCC_OPTIMIZATION_LEVEL = 0;
				GCC_PREPROCESSOR_DEFINITIONS = (
					"DEBUG=1",
					"$(inherited)",
				);
				GCC_WARN_64_TO_32_BIT_CONVERSION = YES;
				GCC_WARN_ABOUT_RETURN_TYPE = YES_ERROR;
				GCC_WARN_UNDECLARED_SELECTOR = YES;
				GCC_WARN_UNINITIALIZED_AUTOS = YES_AGGRESSIVE;
				GCC_WARN_UNUSED_FUNCTION = YES;
				GCC_WARN_UNUSED_VARIABLE = YES;
				IPHONEOS_DEPLOYMENT_TARGET = 13.7;
				MTL_ENABLE_DEBUG_INFO = INCLUDE_SOURCE;
				MTL_FAST_MATH = YES;
				ONLY_ACTIVE_ARCH = YES;
				SDKROOT = iphoneos;
				SWIFT_ACTIVE_COMPILATION_CONDITIONS = DEBUG;
				SWIFT_OPTIMIZATION_LEVEL = "-Onone";
			};
			name = Debug;
		};
		691863C3250F977C00A2C28A /* Release */ = {
			isa = XCBuildConfiguration;
			buildSettings = {
				ALWAYS_SEARCH_USER_PATHS = NO;
				CLANG_ANALYZER_NONNULL = YES;
				CLANG_ANALYZER_NUMBER_OBJECT_CONVERSION = YES_AGGRESSIVE;
				CLANG_CXX_LANGUAGE_STANDARD = "gnu++14";
				CLANG_CXX_LIBRARY = "libc++";
				CLANG_ENABLE_MODULES = YES;
				CLANG_ENABLE_OBJC_ARC = YES;
				CLANG_ENABLE_OBJC_WEAK = YES;
				CLANG_WARN_BLOCK_CAPTURE_AUTORELEASING = YES;
				CLANG_WARN_BOOL_CONVERSION = YES;
				CLANG_WARN_COMMA = YES;
				CLANG_WARN_CONSTANT_CONVERSION = YES;
				CLANG_WARN_DEPRECATED_OBJC_IMPLEMENTATIONS = YES;
				CLANG_WARN_DIRECT_OBJC_ISA_USAGE = YES_ERROR;
				CLANG_WARN_DOCUMENTATION_COMMENTS = YES;
				CLANG_WARN_EMPTY_BODY = YES;
				CLANG_WARN_ENUM_CONVERSION = YES;
				CLANG_WARN_INFINITE_RECURSION = YES;
				CLANG_WARN_INT_CONVERSION = YES;
				CLANG_WARN_NON_LITERAL_NULL_CONVERSION = YES;
				CLANG_WARN_OBJC_IMPLICIT_RETAIN_SELF = YES;
				CLANG_WARN_OBJC_LITERAL_CONVERSION = YES;
				CLANG_WARN_OBJC_ROOT_CLASS = YES_ERROR;
				CLANG_WARN_QUOTED_INCLUDE_IN_FRAMEWORK_HEADER = YES;
				CLANG_WARN_RANGE_LOOP_ANALYSIS = YES;
				CLANG_WARN_STRICT_PROTOTYPES = YES;
				CLANG_WARN_SUSPICIOUS_MOVE = YES;
				CLANG_WARN_UNGUARDED_AVAILABILITY = YES_AGGRESSIVE;
				CLANG_WARN_UNREACHABLE_CODE = YES;
				CLANG_WARN__DUPLICATE_METHOD_MATCH = YES;
				COPY_PHASE_STRIP = NO;
				DEBUG_INFORMATION_FORMAT = "dwarf-with-dsym";
				ENABLE_NS_ASSERTIONS = NO;
				ENABLE_STRICT_OBJC_MSGSEND = YES;
				GCC_C_LANGUAGE_STANDARD = gnu11;
				GCC_NO_COMMON_BLOCKS = YES;
				GCC_WARN_64_TO_32_BIT_CONVERSION = YES;
				GCC_WARN_ABOUT_RETURN_TYPE = YES_ERROR;
				GCC_WARN_UNDECLARED_SELECTOR = YES;
				GCC_WARN_UNINITIALIZED_AUTOS = YES_AGGRESSIVE;
				GCC_WARN_UNUSED_FUNCTION = YES;
				GCC_WARN_UNUSED_VARIABLE = YES;
				IPHONEOS_DEPLOYMENT_TARGET = 13.7;
				MTL_ENABLE_DEBUG_INFO = NO;
				MTL_FAST_MATH = YES;
				SDKROOT = iphoneos;
				SWIFT_COMPILATION_MODE = wholemodule;
				SWIFT_OPTIMIZATION_LEVEL = "-O";
				VALIDATE_PRODUCT = YES;
			};
			name = Release;
		};
		691863C5250F977C00A2C28A /* Debug */ = {
			isa = XCBuildConfiguration;
			buildSettings = {
				ASSETCATALOG_COMPILER_APPICON_NAME = AppIcon;
				CODE_SIGN_STYLE = Automatic;
				DEVELOPMENT_ASSET_PATHS = "\"SwiftUI-Tuts/Preview Content\"";
				ENABLE_PREVIEWS = YES;
				INFOPLIST_FILE = "SwiftUI-Tuts/Info.plist";
				LD_RUNPATH_SEARCH_PATHS = (
					"$(inherited)",
					"@executable_path/Frameworks",
				);
				PRODUCT_BUNDLE_IDENTIFIER = "com.jlcs.SwiftUI-Tuts";
				PRODUCT_NAME = "$(TARGET_NAME)";
				SWIFT_VERSION = 5.0;
				TARGETED_DEVICE_FAMILY = "1,2";
			};
			name = Debug;
		};
		691863C6250F977C00A2C28A /* Release */ = {
			isa = XCBuildConfiguration;
			buildSettings = {
				ASSETCATALOG_COMPILER_APPICON_NAME = AppIcon;
				CODE_SIGN_STYLE = Automatic;
				DEVELOPMENT_ASSET_PATHS = "\"SwiftUI-Tuts/Preview Content\"";
				ENABLE_PREVIEWS = YES;
				INFOPLIST_FILE = "SwiftUI-Tuts/Info.plist";
				LD_RUNPATH_SEARCH_PATHS = (
					"$(inherited)",
					"@executable_path/Frameworks",
				);
				PRODUCT_BUNDLE_IDENTIFIER = "com.jlcs.SwiftUI-Tuts";
				PRODUCT_NAME = "$(TARGET_NAME)";
				SWIFT_VERSION = 5.0;
				TARGETED_DEVICE_FAMILY = "1,2";
			};
			name = Release;
		};
/* End XCBuildConfiguration section */

/* Begin XCConfigurationList section */
		691863AB250F977B00A2C28A /* Build configuration list for PBXProject "SwiftUI-Tuts" */ = {
			isa = XCConfigurationList;
			buildConfigurations = (
				691863C2250F977C00A2C28A /* Debug */,
				691863C3250F977C00A2C28A /* Release */,
			);
			defaultConfigurationIsVisible = 0;
			defaultConfigurationName = Release;
		};
		691863C4250F977C00A2C28A /* Build configuration list for PBXNativeTarget "SwiftUI-Tuts" */ = {
			isa = XCConfigurationList;
			buildConfigurations = (
				691863C5250F977C00A2C28A /* Debug */,
				691863C6250F977C00A2C28A /* Release */,
			);
			defaultConfigurationIsVisible = 0;
			defaultConfigurationName = Release;
		};
/* End XCConfigurationList section */
	};
	rootObject = 691863A8250F977B00A2C28A /* Project object */;
}
